// !$*UTF8*$!
{
	archiveVersion = 1;
	classes = {
	};
	objectVersion = 46;
	objects = {
/* Begin PBXBuildFile section */
		0207DA581B56EA530066E2B4 /* Images.xcassets in Resources */ = {isa = PBXBuildFile; fileRef = 0207DA571B56EA530066E2B4 /* Images.xcassets */; };
		1D3623260D0F684500981E51 /* AppDelegate.m in Sources */ = {isa = PBXBuildFile; fileRef = 1D3623250D0F684500981E51 /* AppDelegate.m */; };
		1D60589B0D05DD56006BFB54 /* main.m in Sources */ = {isa = PBXBuildFile; fileRef = 29B97316FDCFA39411CA2CEA /* main.m */; };
		301BF552109A68D80062928A /* libCordova.a in Frameworks */ = {isa = PBXBuildFile; fileRef = 301BF535109A57CC0062928A /* libCordova.a */; };
		302D95F114D2391D003F00A1 /* MainViewController.m in Sources */ = {isa = PBXBuildFile; fileRef = 302D95EF14D2391D003F00A1 /* MainViewController.m */; };
		302D95F214D2391D003F00A1 /* MainViewController.xib in Resources */ = {isa = PBXBuildFile; fileRef = 302D95F014D2391D003F00A1 /* MainViewController.xib */; };
		3047A5121AB8059700498E2A /* build-debug.xcconfig in Resources */ = {isa = PBXBuildFile; fileRef = 3047A50F1AB8059700498E2A /* build-debug.xcconfig */; };
		3047A5131AB8059700498E2A /* build-release.xcconfig in Resources */ = {isa = PBXBuildFile; fileRef = 3047A5101AB8059700498E2A /* build-release.xcconfig */; };
		3047A5141AB8059700498E2A /* build.xcconfig in Resources */ = {isa = PBXBuildFile; fileRef = 3047A5111AB8059700498E2A /* build.xcconfig */; };
		491060CE8052435C979CD881 /* CDVBattery.m in Sources */ = {isa = PBXBuildFile; fileRef = 913393314C884FB4AAE05C05 /* CDVBattery.m */; };
		8E2D3757341E4B6DA75B8E95 /* UIImage+CropScaleOrientation.m in Sources */ = {isa = PBXBuildFile; fileRef = 3BD41B5F83A24312B8DC7640 /* UIImage+CropScaleOrientation.m */; };
		CBBCA4CF56FA48BCA96B940E /* CDVCamera.m in Sources */ = {isa = PBXBuildFile; fileRef = 57D0FC97F3534BB5A0459B8F /* CDVCamera.m */; };
		4D8B662B68F94596888EFE9A /* CDVJpegHeaderWriter.m in Sources */ = {isa = PBXBuildFile; fileRef = 3A82EEBD30804D4087AE85BB /* CDVJpegHeaderWriter.m */; };
		460EF012DF6C4E36B91319CD /* ImageIO.framework in Frameworks */ = {isa = PBXBuildFile; fileRef = B4939227C1924EEDAEA9EDD7 /* ImageIO.framework */; settings = {ATTRIBUTES = (Weak, ); }; };
		BC015B75206A4B2895177FFE /* CoreLocation.framework in Frameworks */ = {isa = PBXBuildFile; fileRef = 1B663CC03D6B468FBBB5CB18 /* CoreLocation.framework */; };
		2A621E863A1E4C7EA2476987 /* AVFoundation.framework in Frameworks */ = {isa = PBXBuildFile; fileRef = 4B38E40B147F4A929211C9CE /* AVFoundation.framework */; };
		9D66CC7E3E504DADBF4F719E /* CDVLogger.m in Sources */ = {isa = PBXBuildFile; fileRef = 88A1E7C912D94BB1A21FB0DD /* CDVLogger.m */; };
		02E0AC3DB5C8412B9B85A3CD /* CDVContacts.m in Sources */ = {isa = PBXBuildFile; fileRef = 7D7E92FAAE2849C7B345F5AA /* CDVContacts.m */; };
		BEDC31FEA5C34437A107D465 /* CDVContact.m in Sources */ = {isa = PBXBuildFile; fileRef = 6D0FFA06E7B34739AF9694F2 /* CDVContact.m */; };
		32579321E84A4209952E388A /* AddressBook.framework in Frameworks */ = {isa = PBXBuildFile; fileRef = 3E1F2426A94940E7A79E9F40 /* AddressBook.framework */; settings = {ATTRIBUTES = (Weak, ); }; };
		9BD6FB33E2674A13B8CFDB64 /* AddressBookUI.framework in Frameworks */ = {isa = PBXBuildFile; fileRef = 3C94DF5668AC404E898AEA76 /* AddressBookUI.framework */; settings = {ATTRIBUTES = (Weak, ); }; };
		1101F79A0E3B4045AC1C194C /* CDVDevice.m in Sources */ = {isa = PBXBuildFile; fileRef = E2F47A3F5A0A4BF89E3E98BB /* CDVDevice.m */; };
		27ADD710B78F454F93DB2A22 /* CDVAccelerometer.m in Sources */ = {isa = PBXBuildFile; fileRef = DF151B9A3E704217BC09BB33 /* CDVAccelerometer.m */; };
		9F81B339F73F4BF8906D715B /* CoreMotion.framework in Frameworks */ = {isa = PBXBuildFile; fileRef = D689F9BCF06C470D8428B529 /* CoreMotion.framework */; };
		438444F7CF2746DBA0E2289E /* CDVCompass.m in Sources */ = {isa = PBXBuildFile; fileRef = CBB703A0F6864CDD80BAE6E9 /* CDVCompass.m */; };
		253C0257B65A4DD2A37E4E1C /* CDVNotification.m in Sources */ = {isa = PBXBuildFile; fileRef = 440348B492D14C308DADF3ED /* CDVNotification.m */; };
		D7AC24E892124FEC97995384 /* CDVNotification.bundle in Resources */ = {isa = PBXBuildFile; fileRef = 28EC8E9003334378A397AFCB /* CDVNotification.bundle */; };
		DD4898F1E5184CE788D7147E /* AudioToolbox.framework in Frameworks */ = {isa = PBXBuildFile; fileRef = 3BA0F745C9A44CB08E050098 /* AudioToolbox.framework */; settings = {ATTRIBUTES = (Weak, ); }; };
		6C1634D75DAD4AD9B0A4ABB4 /* CDVFile.m in Sources */ = {isa = PBXBuildFile; fileRef = DDA18328077B4F1EA7A7E5DC /* CDVFile.m */; };
		768A825B342A4EAEBE362772 /* CDVLocalFilesystem.m in Sources */ = {isa = PBXBuildFile; fileRef = BB9DD873BAC64982B44A2FAD /* CDVLocalFilesystem.m */; };
		E8240EBA50A74B6882A6D27B /* CDVAssetLibraryFilesystem.m in Sources */ = {isa = PBXBuildFile; fileRef = 35F1D72961214A4AA963F45A /* CDVAssetLibraryFilesystem.m */; };
		014EFC7567E145ABBD883997 /* CDVFileTransfer.m in Sources */ = {isa = PBXBuildFile; fileRef = 4D0898776DDB4C75A4741104 /* CDVFileTransfer.m */; };
		957B980EFC354A1DB1FC255C /* CDVLocation.m in Sources */ = {isa = PBXBuildFile; fileRef = 121B5FC8059D4D66BFBE5063 /* CDVLocation.m */; };
		3DA4DE1773F04374A68021E3 /* CDVGlobalization.m in Sources */ = {isa = PBXBuildFile; fileRef = 799EE9E4082046F2BA0EC9C0 /* CDVGlobalization.m */; };
		39432DD761D8486290ECFB12 /* CDVInAppBrowser.m in Sources */ = {isa = PBXBuildFile; fileRef = 30DE93C5ACFA43EC9F9F81DF /* CDVInAppBrowser.m */; };
		E1784E2037B0407AA931F347 /* CDVSound.m in Sources */ = {isa = PBXBuildFile; fileRef = E24429C86C5D4B678A25DA9C /* CDVSound.m */; };
		89CA3E587A4B4BABB066DD5E /* CDVCapture.m in Sources */ = {isa = PBXBuildFile; fileRef = 049EEC7B6F6841B49D488F13 /* CDVCapture.m */; };
		931E300FB25D48FE907285BE /* CDVCapture.bundle in Resources */ = {isa = PBXBuildFile; fileRef = 0BCF3074419C4A21BA511D27 /* CDVCapture.bundle */; };
		8A81A1EED1BE412DB9A96D3A /* CDVConnection.m in Sources */ = {isa = PBXBuildFile; fileRef = F4DEFD31E2F64D1094057405 /* CDVConnection.m */; };
		ADB56F60DB9F41CBB2CE1FCC /* CDVReachability.m in Sources */ = {isa = PBXBuildFile; fileRef = E553A137367046589D2DFFC0 /* CDVReachability.m */; };
		2D8AB0D29B6E486C98944807 /* SystemConfiguration.framework in Frameworks */ = {isa = PBXBuildFile; fileRef = 04146FBDCDB54C379C22EDAF /* SystemConfiguration.framework */; settings = {ATTRIBUTES = (Weak, ); }; };
		EFB2DC3F1AEB4163B1DE50B3 /* CoreTelephony.framework in Frameworks */ = {isa = PBXBuildFile; fileRef = E2471C87B29744BFBD418AA9 /* CoreTelephony.framework */; };
		F29ED8F3796C4F489363B481 /* CDVSplashScreen.m in Sources */ = {isa = PBXBuildFile; fileRef = D5F4D74C272F4B11B8488126 /* CDVSplashScreen.m */; };
		C2B204B27ED04380B653B56E /* CDVViewController+SplashScreen.m in Sources */ = {isa = PBXBuildFile; fileRef = 6943B6C1E88942B8977EF930 /* CDVViewController+SplashScreen.m */; };
		5C4E3E771D3C4A8092FA7F78 /* CDVStatusBar.m in Sources */ = {isa = PBXBuildFile; fileRef = 7BEF8309ED1848ECB642BDE1 /* CDVStatusBar.m */; };
		7900F37D7B6148B88112500C /* CDVVibration.m in Sources */ = {isa = PBXBuildFile; fileRef = CE900E91983043DCAA24924D /* CDVVibration.m */; };
/* End PBXBuildFile section */

/* Begin PBXContainerItemProxy section */
		301BF534109A57CC0062928A /* PBXContainerItemProxy */ = {
			isa = PBXContainerItemProxy;
			containerPortal = 301BF52D109A57CC0062928A /* CordovaLib.xcodeproj */;
			proxyType = 2;
			remoteGlobalIDString = D2AAC07E0554694100DB518D;
			remoteInfo = CordovaLib;
		};
		301BF550109A68C00062928A /* PBXContainerItemProxy */ = {
			isa = PBXContainerItemProxy;
			containerPortal = 301BF52D109A57CC0062928A /* CordovaLib.xcodeproj */;
			proxyType = 1;
			remoteGlobalIDString = D2AAC07D0554694100DB518D;
			remoteInfo = CordovaLib;
		};
/* End PBXContainerItemProxy section */

/* Begin PBXFileReference section */
		0207DA571B56EA530066E2B4 /* Images.xcassets */ = {isa = PBXFileReference; lastKnownFileType = folder.assetcatalog; name = Images.xcassets; path = "islamenpanama2016iphone/Images.xcassets"; sourceTree = SOURCE_ROOT; };
		1D3623240D0F684500981E51 /* AppDelegate.h */ = {isa = PBXFileReference; fileEncoding = 4; lastKnownFileType = sourcecode.c.h; path = AppDelegate.h; sourceTree = "<group>"; };
		1D3623250D0F684500981E51 /* AppDelegate.m */ = {isa = PBXFileReference; fileEncoding = 4; lastKnownFileType = sourcecode.c.objc; path = AppDelegate.m; sourceTree = "<group>"; };
		1D6058910D05DD3D006BFB54 /* islamenpanama2016iphone.app */ = {isa = PBXFileReference; explicitFileType = wrapper.application; includeInIndex = 0; path = "islamenpanama2016iphone.app"; sourceTree = BUILT_PRODUCTS_DIR; };
		29B97316FDCFA39411CA2CEA /* main.m */ = {isa = PBXFileReference; fileEncoding = 4; lastKnownFileType = sourcecode.c.objc; path = main.m; sourceTree = "<group>"; };
		301BF52D109A57CC0062928A /* CordovaLib.xcodeproj */ = {isa = PBXFileReference; lastKnownFileType = "wrapper.pb-project"; name = CordovaLib.xcodeproj; path = CordovaLib/CordovaLib.xcodeproj; sourceTree = "<group>"; };
		301BF56E109A69640062928A /* www */ = {isa = PBXFileReference; lastKnownFileType = folder; path = www; sourceTree = SOURCE_ROOT; };
		302D95EE14D2391D003F00A1 /* MainViewController.h */ = {isa = PBXFileReference; fileEncoding = 4; lastKnownFileType = sourcecode.c.h; path = MainViewController.h; sourceTree = "<group>"; };
		302D95EF14D2391D003F00A1 /* MainViewController.m */ = {isa = PBXFileReference; fileEncoding = 4; lastKnownFileType = sourcecode.c.objc; path = MainViewController.m; sourceTree = "<group>"; };
		302D95F014D2391D003F00A1 /* MainViewController.xib */ = {isa = PBXFileReference; fileEncoding = 4; lastKnownFileType = file.xib; path = MainViewController.xib; sourceTree = "<group>"; };
		3047A50F1AB8059700498E2A /* build-debug.xcconfig */ = {isa = PBXFileReference; fileEncoding = 4; lastKnownFileType = text.xcconfig; name = "build-debug.xcconfig"; path = cordova/build-debug.xcconfig; sourceTree = SOURCE_ROOT; };
		3047A5101AB8059700498E2A /* build-release.xcconfig */ = {isa = PBXFileReference; fileEncoding = 4; lastKnownFileType = text.xcconfig; name = "build-release.xcconfig"; path = cordova/build-release.xcconfig; sourceTree = SOURCE_ROOT; };
		3047A5111AB8059700498E2A /* build.xcconfig */ = {isa = PBXFileReference; fileEncoding = 4; lastKnownFileType = text.xcconfig; name = build.xcconfig; path = cordova/build.xcconfig; sourceTree = SOURCE_ROOT; };
		32CA4F630368D1EE00C91783 /* islamenpanama2016iphone-Prefix.pch */ = {isa = PBXFileReference; fileEncoding = 4; lastKnownFileType = sourcecode.c.h; path = "islamenpanama2016iphone-Prefix.pch"; sourceTree = "<group>"; };
		8D1107310486CEB800E47090 /* islamenpanama2016iphone-Info.plist */ = {isa = PBXFileReference; fileEncoding = 4; lastKnownFileType = text.plist.xml; name = "islamenpanama2016iphone-Info.plist"; path = "islamenpanama2016iphone/islamenpanama2016iphone-Info.plist"; plistStructureDefinitionIdentifier = "com.apple.xcode.plist.structure-definition.iphone.info-plist"; sourceTree = SOURCE_ROOT; };
		EB87FDF31871DA8E0020F90C /* www */ = {isa = PBXFileReference; lastKnownFileType = folder; name = www; path = ../../www; sourceTree = "<group>"; };
		EB87FDF41871DAF40020F90C /* config.xml */ = {isa = PBXFileReference; lastKnownFileType = text.xml; name = config.xml; path = ../../config.xml; sourceTree = "<group>"; };
		F840E1F0165FE0F500CFE078 /* config.xml */ = {isa = PBXFileReference; lastKnownFileType = text.xml; name = config.xml; path = "islamenpanama2016iphone/config.xml"; sourceTree = "<group>"; };
		ED33DF2A687741AEAF9F8254 /* Bridging-Header.h */ = {isa = PBXFileReference; fileEncoding = 4; lastKnownFileType = sourcecode.c.h; name = "Bridging-Header.h"; path = "Bridging-Header.h"; sourceTree = "<group>"; };
		913393314C884FB4AAE05C05 /* CDVBattery.m */ = {isa = PBXFileReference; name = "CDVBattery.m"; path = "cordova-plugin-battery-status/CDVBattery.m"; sourceTree = "<group>"; fileEncoding = 4; lastKnownFileType = sourcecode.c.objc; explicitFileType = undefined; includeInIndex = 0; };
		DC2C7AC224324623875D12CA /* CDVBattery.h */ = {isa = PBXFileReference; name = "CDVBattery.h"; path = "cordova-plugin-battery-status/CDVBattery.h"; sourceTree = "<group>"; fileEncoding = 4; lastKnownFileType = sourcecode.c.h; explicitFileType = undefined; includeInIndex = 0; };
		3BD41B5F83A24312B8DC7640 /* UIImage+CropScaleOrientation.m */ = {isa = PBXFileReference; name = "UIImage+CropScaleOrientation.m"; path = "cordova-plugin-camera/UIImage+CropScaleOrientation.m"; sourceTree = "<group>"; fileEncoding = 4; lastKnownFileType = sourcecode.c.objc; explicitFileType = undefined; includeInIndex = 0; };
		57D0FC97F3534BB5A0459B8F /* CDVCamera.m */ = {isa = PBXFileReference; name = "CDVCamera.m"; path = "cordova-plugin-camera/CDVCamera.m"; sourceTree = "<group>"; fileEncoding = 4; lastKnownFileType = sourcecode.c.objc; explicitFileType = undefined; includeInIndex = 0; };
		3A82EEBD30804D4087AE85BB /* CDVJpegHeaderWriter.m */ = {isa = PBXFileReference; name = "CDVJpegHeaderWriter.m"; path = "cordova-plugin-camera/CDVJpegHeaderWriter.m"; sourceTree = "<group>"; fileEncoding = 4; lastKnownFileType = sourcecode.c.objc; explicitFileType = undefined; includeInIndex = 0; };
		9CAA4461870B409389964900 /* UIImage+CropScaleOrientation.h */ = {isa = PBXFileReference; name = "UIImage+CropScaleOrientation.h"; path = "cordova-plugin-camera/UIImage+CropScaleOrientation.h"; sourceTree = "<group>"; fileEncoding = 4; lastKnownFileType = sourcecode.c.h; explicitFileType = undefined; includeInIndex = 0; };
		C75E3404B78A4528B3008B4F /* CDVCamera.h */ = {isa = PBXFileReference; name = "CDVCamera.h"; path = "cordova-plugin-camera/CDVCamera.h"; sourceTree = "<group>"; fileEncoding = 4; lastKnownFileType = sourcecode.c.h; explicitFileType = undefined; includeInIndex = 0; };
		7B6A97FF4EC244CB8B0685C8 /* CDVJpegHeaderWriter.h */ = {isa = PBXFileReference; name = "CDVJpegHeaderWriter.h"; path = "cordova-plugin-camera/CDVJpegHeaderWriter.h"; sourceTree = "<group>"; fileEncoding = 4; lastKnownFileType = sourcecode.c.h; explicitFileType = undefined; includeInIndex = 0; };
		7940EFCBDF554E128428D374 /* CDVExif.h */ = {isa = PBXFileReference; name = "CDVExif.h"; path = "cordova-plugin-camera/CDVExif.h"; sourceTree = "<group>"; fileEncoding = 4; lastKnownFileType = sourcecode.c.h; explicitFileType = undefined; includeInIndex = 0; };
		B4939227C1924EEDAEA9EDD7 /* ImageIO.framework */ = {isa = PBXFileReference; name = "ImageIO.framework"; path = "System/Library/Frameworks/ImageIO.framework"; sourceTree = SDKROOT; fileEncoding = undefined; lastKnownFileType = wrapper.framework; explicitFileType = undefined; includeInIndex = 0; };
		1B663CC03D6B468FBBB5CB18 /* CoreLocation.framework */ = {isa = PBXFileReference; name = "CoreLocation.framework"; path = "System/Library/Frameworks/CoreLocation.framework"; sourceTree = SDKROOT; fileEncoding = undefined; lastKnownFileType = wrapper.framework; explicitFileType = undefined; includeInIndex = 0; };
		4B38E40B147F4A929211C9CE /* AVFoundation.framework */ = {isa = PBXFileReference; name = "AVFoundation.framework"; path = "System/Library/Frameworks/AVFoundation.framework"; sourceTree = SDKROOT; fileEncoding = undefined; lastKnownFileType = wrapper.framework; explicitFileType = undefined; includeInIndex = 0; };
		88A1E7C912D94BB1A21FB0DD /* CDVLogger.m */ = {isa = PBXFileReference; name = "CDVLogger.m"; path = "cordova-plugin-console/CDVLogger.m"; sourceTree = "<group>"; fileEncoding = 4; lastKnownFileType = sourcecode.c.objc; explicitFileType = undefined; includeInIndex = 0; };
		9B01E511EE2546609CE9D66E /* CDVLogger.h */ = {isa = PBXFileReference; name = "CDVLogger.h"; path = "cordova-plugin-console/CDVLogger.h"; sourceTree = "<group>"; fileEncoding = 4; lastKnownFileType = sourcecode.c.h; explicitFileType = undefined; includeInIndex = 0; };
		7D7E92FAAE2849C7B345F5AA /* CDVContacts.m */ = {isa = PBXFileReference; name = "CDVContacts.m"; path = "cordova-plugin-contacts/CDVContacts.m"; sourceTree = "<group>"; fileEncoding = 4; lastKnownFileType = sourcecode.c.objc; explicitFileType = undefined; includeInIndex = 0; };
		6D0FFA06E7B34739AF9694F2 /* CDVContact.m */ = {isa = PBXFileReference; name = "CDVContact.m"; path = "cordova-plugin-contacts/CDVContact.m"; sourceTree = "<group>"; fileEncoding = 4; lastKnownFileType = sourcecode.c.objc; explicitFileType = undefined; includeInIndex = 0; };
		E810E344D2B74A6EA9163CAF /* CDVContacts.h */ = {isa = PBXFileReference; name = "CDVContacts.h"; path = "cordova-plugin-contacts/CDVContacts.h"; sourceTree = "<group>"; fileEncoding = 4; lastKnownFileType = sourcecode.c.h; explicitFileType = undefined; includeInIndex = 0; };
		E838BE70B55B4A84919DC718 /* CDVContact.h */ = {isa = PBXFileReference; name = "CDVContact.h"; path = "cordova-plugin-contacts/CDVContact.h"; sourceTree = "<group>"; fileEncoding = 4; lastKnownFileType = sourcecode.c.h; explicitFileType = undefined; includeInIndex = 0; };
		3E1F2426A94940E7A79E9F40 /* AddressBook.framework */ = {isa = PBXFileReference; name = "AddressBook.framework"; path = "System/Library/Frameworks/AddressBook.framework"; sourceTree = SDKROOT; fileEncoding = undefined; lastKnownFileType = wrapper.framework; explicitFileType = undefined; includeInIndex = 0; };
		3C94DF5668AC404E898AEA76 /* AddressBookUI.framework */ = {isa = PBXFileReference; name = "AddressBookUI.framework"; path = "System/Library/Frameworks/AddressBookUI.framework"; sourceTree = SDKROOT; fileEncoding = undefined; lastKnownFileType = wrapper.framework; explicitFileType = undefined; includeInIndex = 0; };
		E2F47A3F5A0A4BF89E3E98BB /* CDVDevice.m */ = {isa = PBXFileReference; name = "CDVDevice.m"; path = "cordova-plugin-device/CDVDevice.m"; sourceTree = "<group>"; fileEncoding = 4; lastKnownFileType = sourcecode.c.objc; explicitFileType = undefined; includeInIndex = 0; };
		F11D47BDF6C1413B89BAB5BC /* CDVDevice.h */ = {isa = PBXFileReference; name = "CDVDevice.h"; path = "cordova-plugin-device/CDVDevice.h"; sourceTree = "<group>"; fileEncoding = 4; lastKnownFileType = sourcecode.c.h; explicitFileType = undefined; includeInIndex = 0; };
		DF151B9A3E704217BC09BB33 /* CDVAccelerometer.m */ = {isa = PBXFileReference; name = "CDVAccelerometer.m"; path = "cordova-plugin-device-motion/CDVAccelerometer.m"; sourceTree = "<group>"; fileEncoding = 4; lastKnownFileType = sourcecode.c.objc; explicitFileType = undefined; includeInIndex = 0; };
		A33E2433A72A45F29C629FF1 /* CDVAccelerometer.h */ = {isa = PBXFileReference; name = "CDVAccelerometer.h"; path = "cordova-plugin-device-motion/CDVAccelerometer.h"; sourceTree = "<group>"; fileEncoding = 4; lastKnownFileType = sourcecode.c.h; explicitFileType = undefined; includeInIndex = 0; };
		D689F9BCF06C470D8428B529 /* CoreMotion.framework */ = {isa = PBXFileReference; name = "CoreMotion.framework"; path = "System/Library/Frameworks/CoreMotion.framework"; sourceTree = SDKROOT; fileEncoding = undefined; lastKnownFileType = wrapper.framework; explicitFileType = undefined; includeInIndex = 0; };
		CBB703A0F6864CDD80BAE6E9 /* CDVCompass.m */ = {isa = PBXFileReference; name = "CDVCompass.m"; path = "cordova-plugin-device-orientation/CDVCompass.m"; sourceTree = "<group>"; fileEncoding = 4; lastKnownFileType = sourcecode.c.objc; explicitFileType = undefined; includeInIndex = 0; };
		DEF8B32D15CF4F1C9FAAD76E /* CDVCompass.h */ = {isa = PBXFileReference; name = "CDVCompass.h"; path = "cordova-plugin-device-orientation/CDVCompass.h"; sourceTree = "<group>"; fileEncoding = 4; lastKnownFileType = sourcecode.c.h; explicitFileType = undefined; includeInIndex = 0; };
		440348B492D14C308DADF3ED /* CDVNotification.m */ = {isa = PBXFileReference; name = "CDVNotification.m"; path = "cordova-plugin-dialogs/CDVNotification.m"; sourceTree = "<group>"; fileEncoding = 4; lastKnownFileType = sourcecode.c.objc; explicitFileType = undefined; includeInIndex = 0; };
		4F3099CA932C45F58DC20BAC /* CDVNotification.h */ = {isa = PBXFileReference; name = "CDVNotification.h"; path = "cordova-plugin-dialogs/CDVNotification.h"; sourceTree = "<group>"; fileEncoding = 4; lastKnownFileType = sourcecode.c.h; explicitFileType = undefined; includeInIndex = 0; };
		28EC8E9003334378A397AFCB /* CDVNotification.bundle */ = {isa = PBXFileReference; name = "CDVNotification.bundle"; path = "CDVNotification.bundle"; sourceTree = "<group>"; fileEncoding = undefined; lastKnownFileType = wrapper.plug-in; explicitFileType = undefined; includeInIndex = 0; };
		3BA0F745C9A44CB08E050098 /* AudioToolbox.framework */ = {isa = PBXFileReference; name = "AudioToolbox.framework"; path = "System/Library/Frameworks/AudioToolbox.framework"; sourceTree = SDKROOT; fileEncoding = undefined; lastKnownFileType = wrapper.framework; explicitFileType = undefined; includeInIndex = 0; };
		DDA18328077B4F1EA7A7E5DC /* CDVFile.m */ = {isa = PBXFileReference; name = "CDVFile.m"; path = "cordova-plugin-file/CDVFile.m"; sourceTree = "<group>"; fileEncoding = 4; lastKnownFileType = sourcecode.c.objc; explicitFileType = undefined; includeInIndex = 0; };
		BB9DD873BAC64982B44A2FAD /* CDVLocalFilesystem.m */ = {isa = PBXFileReference; name = "CDVLocalFilesystem.m"; path = "cordova-plugin-file/CDVLocalFilesystem.m"; sourceTree = "<group>"; fileEncoding = 4; lastKnownFileType = sourcecode.c.objc; explicitFileType = undefined; includeInIndex = 0; };
		35F1D72961214A4AA963F45A /* CDVAssetLibraryFilesystem.m */ = {isa = PBXFileReference; name = "CDVAssetLibraryFilesystem.m"; path = "cordova-plugin-file/CDVAssetLibraryFilesystem.m"; sourceTree = "<group>"; fileEncoding = 4; lastKnownFileType = sourcecode.c.objc; explicitFileType = undefined; includeInIndex = 0; };
		8615FC0157F74285946AE7E4 /* CDVFile.h */ = {isa = PBXFileReference; name = "CDVFile.h"; path = "cordova-plugin-file/CDVFile.h"; sourceTree = "<group>"; fileEncoding = 4; lastKnownFileType = sourcecode.c.h; explicitFileType = undefined; includeInIndex = 0; };
		31CD7E3DA8D44AFD90773FB7 /* CDVLocalFilesystem.h */ = {isa = PBXFileReference; name = "CDVLocalFilesystem.h"; path = "cordova-plugin-file/CDVLocalFilesystem.h"; sourceTree = "<group>"; fileEncoding = 4; lastKnownFileType = sourcecode.c.h; explicitFileType = undefined; includeInIndex = 0; };
		2CD7A84DEFED474183DCF96E /* CDVAssetLibraryFilesystem.h */ = {isa = PBXFileReference; name = "CDVAssetLibraryFilesystem.h"; path = "cordova-plugin-file/CDVAssetLibraryFilesystem.h"; sourceTree = "<group>"; fileEncoding = 4; lastKnownFileType = sourcecode.c.h; explicitFileType = undefined; includeInIndex = 0; };
		4D0898776DDB4C75A4741104 /* CDVFileTransfer.m */ = {isa = PBXFileReference; name = "CDVFileTransfer.m"; path = "cordova-plugin-file-transfer/CDVFileTransfer.m"; sourceTree = "<group>"; fileEncoding = 4; lastKnownFileType = sourcecode.c.objc; explicitFileType = undefined; includeInIndex = 0; };
		68178A26E04E4FEEB9F6D8FD /* CDVFileTransfer.h */ = {isa = PBXFileReference; name = "CDVFileTransfer.h"; path = "cordova-plugin-file-transfer/CDVFileTransfer.h"; sourceTree = "<group>"; fileEncoding = 4; lastKnownFileType = sourcecode.c.h; explicitFileType = undefined; includeInIndex = 0; };
		121B5FC8059D4D66BFBE5063 /* CDVLocation.m */ = {isa = PBXFileReference; name = "CDVLocation.m"; path = "cordova-plugin-geolocation/CDVLocation.m"; sourceTree = "<group>"; fileEncoding = 4; lastKnownFileType = sourcecode.c.objc; explicitFileType = undefined; includeInIndex = 0; };
		B5C14BE83109485092A1C5A5 /* CDVLocation.h */ = {isa = PBXFileReference; name = "CDVLocation.h"; path = "cordova-plugin-geolocation/CDVLocation.h"; sourceTree = "<group>"; fileEncoding = 4; lastKnownFileType = sourcecode.c.h; explicitFileType = undefined; includeInIndex = 0; };
		799EE9E4082046F2BA0EC9C0 /* CDVGlobalization.m */ = {isa = PBXFileReference; name = "CDVGlobalization.m"; path = "cordova-plugin-globalization/CDVGlobalization.m"; sourceTree = "<group>"; fileEncoding = 4; lastKnownFileType = sourcecode.c.objc; explicitFileType = undefined; includeInIndex = 0; };
		A6727183E1934284BED91F9A /* CDVGlobalization.h */ = {isa = PBXFileReference; name = "CDVGlobalization.h"; path = "cordova-plugin-globalization/CDVGlobalization.h"; sourceTree = "<group>"; fileEncoding = 4; lastKnownFileType = sourcecode.c.h; explicitFileType = undefined; includeInIndex = 0; };
		30DE93C5ACFA43EC9F9F81DF /* CDVInAppBrowser.m */ = {isa = PBXFileReference; name = "CDVInAppBrowser.m"; path = "cordova-plugin-inappbrowser/CDVInAppBrowser.m"; sourceTree = "<group>"; fileEncoding = 4; lastKnownFileType = sourcecode.c.objc; explicitFileType = undefined; includeInIndex = 0; };
		14507853DB14468284969D4C /* CDVInAppBrowser.h */ = {isa = PBXFileReference; name = "CDVInAppBrowser.h"; path = "cordova-plugin-inappbrowser/CDVInAppBrowser.h"; sourceTree = "<group>"; fileEncoding = 4; lastKnownFileType = sourcecode.c.h; explicitFileType = undefined; includeInIndex = 0; };
		E24429C86C5D4B678A25DA9C /* CDVSound.m */ = {isa = PBXFileReference; name = "CDVSound.m"; path = "cordova-plugin-media/CDVSound.m"; sourceTree = "<group>"; fileEncoding = 4; lastKnownFileType = sourcecode.c.objc; explicitFileType = undefined; includeInIndex = 0; };
		4F1256D01EA7433E8ECF0F28 /* CDVSound.h */ = {isa = PBXFileReference; name = "CDVSound.h"; path = "cordova-plugin-media/CDVSound.h"; sourceTree = "<group>"; fileEncoding = 4; lastKnownFileType = sourcecode.c.h; explicitFileType = undefined; includeInIndex = 0; };
		049EEC7B6F6841B49D488F13 /* CDVCapture.m */ = {isa = PBXFileReference; name = "CDVCapture.m"; path = "cordova-plugin-media-capture/CDVCapture.m"; sourceTree = "<group>"; fileEncoding = 4; lastKnownFileType = sourcecode.c.objc; explicitFileType = undefined; includeInIndex = 0; };
		D00DD2DD999C4496BA5A282A /* CDVCapture.h */ = {isa = PBXFileReference; name = "CDVCapture.h"; path = "cordova-plugin-media-capture/CDVCapture.h"; sourceTree = "<group>"; fileEncoding = 4; lastKnownFileType = sourcecode.c.h; explicitFileType = undefined; includeInIndex = 0; };
		0BCF3074419C4A21BA511D27 /* CDVCapture.bundle */ = {isa = PBXFileReference; name = "CDVCapture.bundle"; path = "CDVCapture.bundle"; sourceTree = "<group>"; fileEncoding = undefined; lastKnownFileType = wrapper.plug-in; explicitFileType = undefined; includeInIndex = 0; };
		F4DEFD31E2F64D1094057405 /* CDVConnection.m */ = {isa = PBXFileReference; name = "CDVConnection.m"; path = "cordova-plugin-network-information/CDVConnection.m"; sourceTree = "<group>"; fileEncoding = 4; lastKnownFileType = sourcecode.c.objc; explicitFileType = undefined; includeInIndex = 0; };
		E553A137367046589D2DFFC0 /* CDVReachability.m */ = {isa = PBXFileReference; name = "CDVReachability.m"; path = "cordova-plugin-network-information/CDVReachability.m"; sourceTree = "<group>"; fileEncoding = 4; lastKnownFileType = sourcecode.c.objc; explicitFileType = undefined; includeInIndex = 0; };
		4A30FDFAEF39424F9D16B2E2 /* CDVConnection.h */ = {isa = PBXFileReference; name = "CDVConnection.h"; path = "cordova-plugin-network-information/CDVConnection.h"; sourceTree = "<group>"; fileEncoding = 4; lastKnownFileType = sourcecode.c.h; explicitFileType = undefined; includeInIndex = 0; };
		394AC3F183A3450DA473B935 /* CDVReachability.h */ = {isa = PBXFileReference; name = "CDVReachability.h"; path = "cordova-plugin-network-information/CDVReachability.h"; sourceTree = "<group>"; fileEncoding = 4; lastKnownFileType = sourcecode.c.h; explicitFileType = undefined; includeInIndex = 0; };
		04146FBDCDB54C379C22EDAF /* SystemConfiguration.framework */ = {isa = PBXFileReference; name = "SystemConfiguration.framework"; path = "System/Library/Frameworks/SystemConfiguration.framework"; sourceTree = SDKROOT; fileEncoding = undefined; lastKnownFileType = wrapper.framework; explicitFileType = undefined; includeInIndex = 0; };
		E2471C87B29744BFBD418AA9 /* CoreTelephony.framework */ = {isa = PBXFileReference; name = "CoreTelephony.framework"; path = "System/Library/Frameworks/CoreTelephony.framework"; sourceTree = SDKROOT; fileEncoding = undefined; lastKnownFileType = wrapper.framework; explicitFileType = undefined; includeInIndex = 0; };
		D5F4D74C272F4B11B8488126 /* CDVSplashScreen.m */ = {isa = PBXFileReference; name = "CDVSplashScreen.m"; path = "cordova-plugin-splashscreen/CDVSplashScreen.m"; sourceTree = "<group>"; fileEncoding = 4; lastKnownFileType = sourcecode.c.objc; explicitFileType = undefined; includeInIndex = 0; };
		6943B6C1E88942B8977EF930 /* CDVViewController+SplashScreen.m */ = {isa = PBXFileReference; name = "CDVViewController+SplashScreen.m"; path = "cordova-plugin-splashscreen/CDVViewController+SplashScreen.m"; sourceTree = "<group>"; fileEncoding = 4; lastKnownFileType = sourcecode.c.objc; explicitFileType = undefined; includeInIndex = 0; };
		D77DF8427443458CA87EC8AE /* CDVSplashScreen.h */ = {isa = PBXFileReference; name = "CDVSplashScreen.h"; path = "cordova-plugin-splashscreen/CDVSplashScreen.h"; sourceTree = "<group>"; fileEncoding = 4; lastKnownFileType = sourcecode.c.h; explicitFileType = undefined; includeInIndex = 0; };
		12F801A4D88A44B79B96F0B5 /* CDVViewController+SplashScreen.h */ = {isa = PBXFileReference; name = "CDVViewController+SplashScreen.h"; path = "cordova-plugin-splashscreen/CDVViewController+SplashScreen.h"; sourceTree = "<group>"; fileEncoding = 4; lastKnownFileType = sourcecode.c.h; explicitFileType = undefined; includeInIndex = 0; };
		7BEF8309ED1848ECB642BDE1 /* CDVStatusBar.m */ = {isa = PBXFileReference; name = "CDVStatusBar.m"; path = "cordova-plugin-statusbar/CDVStatusBar.m"; sourceTree = "<group>"; fileEncoding = 4; lastKnownFileType = sourcecode.c.objc; explicitFileType = undefined; includeInIndex = 0; };
		FCBD6453B9FA4A8A86A8B15A /* CDVStatusBar.h */ = {isa = PBXFileReference; name = "CDVStatusBar.h"; path = "cordova-plugin-statusbar/CDVStatusBar.h"; sourceTree = "<group>"; fileEncoding = 4; lastKnownFileType = sourcecode.c.h; explicitFileType = undefined; includeInIndex = 0; };
		CE900E91983043DCAA24924D /* CDVVibration.m */ = {isa = PBXFileReference; name = "CDVVibration.m"; path = "cordova-plugin-vibration/CDVVibration.m"; sourceTree = "<group>"; fileEncoding = 4; lastKnownFileType = sourcecode.c.objc; explicitFileType = undefined; includeInIndex = 0; };
		C07DFEF326AE4739BB78A60B /* CDVVibration.h */ = {isa = PBXFileReference; name = "CDVVibration.h"; path = "cordova-plugin-vibration/CDVVibration.h"; sourceTree = "<group>"; fileEncoding = 4; lastKnownFileType = sourcecode.c.h; explicitFileType = undefined; includeInIndex = 0; };
/* End PBXFileReference section */

/* Begin PBXFrameworksBuildPhase section */
		1D60588F0D05DD3D006BFB54 /* Frameworks */ = {
			isa = PBXFrameworksBuildPhase;
			buildActionMask = 2147483647;
			files = (
				301BF552109A68D80062928A /* libCordova.a in Frameworks */,
				460EF012DF6C4E36B91319CD /* ImageIO.framework in Frameworks */,
				BC015B75206A4B2895177FFE /* CoreLocation.framework in Frameworks */,
				2A621E863A1E4C7EA2476987 /* AVFoundation.framework in Frameworks */,
				32579321E84A4209952E388A /* AddressBook.framework in Frameworks */,
				9BD6FB33E2674A13B8CFDB64 /* AddressBookUI.framework in Frameworks */,
				9F81B339F73F4BF8906D715B /* CoreMotion.framework in Frameworks */,
				DD4898F1E5184CE788D7147E /* AudioToolbox.framework in Frameworks */,
				2D8AB0D29B6E486C98944807 /* SystemConfiguration.framework in Frameworks */,
				EFB2DC3F1AEB4163B1DE50B3 /* CoreTelephony.framework in Frameworks */,
			);
			runOnlyForDeploymentPostprocessing = 0;
		};
/* End PBXFrameworksBuildPhase section */

/* Begin PBXGroup section */
		080E96DDFE201D6D7F000001 /* Classes */ = {
			isa = PBXGroup;
			children = (
				302D95EE14D2391D003F00A1 /* MainViewController.h */,
				302D95EF14D2391D003F00A1 /* MainViewController.m */,
				302D95F014D2391D003F00A1 /* MainViewController.xib */,
				1D3623240D0F684500981E51 /* AppDelegate.h */,
				1D3623250D0F684500981E51 /* AppDelegate.m */,
			);
			name = Classes;
			path = "islamenpanama2016iphone/Classes";
			sourceTree = SOURCE_ROOT;
		};
		19C28FACFE9D520D11CA2CBB /* Products */ = {
			isa = PBXGroup;
			children = (
				1D6058910D05DD3D006BFB54 /* islamenpanama2016iphone.app */,
			);
			name = Products;
			sourceTree = "<group>";
		};
		29B97314FDCFA39411CA2CEA /* CustomTemplate */ = {
			isa = PBXGroup;
			children = (
				EB87FDF41871DAF40020F90C /* config.xml */,
				EB87FDF31871DA8E0020F90C /* www */,
				EB87FDF11871DA420020F90C /* Staging */,
				301BF52D109A57CC0062928A /* CordovaLib.xcodeproj */,
				080E96DDFE201D6D7F000001 /* Classes */,
				307C750510C5A3420062BCA9 /* Plugins */,
				29B97315FDCFA39411CA2CEA /* Other Sources */,
				29B97317FDCFA39411CA2CEA /* Resources */,
				29B97323FDCFA39411CA2CEA /* Frameworks */,
				19C28FACFE9D520D11CA2CBB /* Products */,
			);
			name = CustomTemplate;
			sourceTree = "<group>";
		};
		29B97315FDCFA39411CA2CEA /* Other Sources */ = {
			isa = PBXGroup;
			children = (
				32CA4F630368D1EE00C91783 /* islamenpanama2016iphone-Prefix.pch */,
				29B97316FDCFA39411CA2CEA /* main.m */,
				ED33DF2A687741AEAF9F8254 /* Bridging-Header.h */,
			);
			name = "Other Sources";
			path = "islamenpanama2016iphone";
			sourceTree = "<group>";
		};
		29B97317FDCFA39411CA2CEA /* Resources */ = {
			isa = PBXGroup;
			children = (
				0207DA571B56EA530066E2B4 /* Images.xcassets */,
				3047A50E1AB8057F00498E2A /* config */,
				8D1107310486CEB800E47090 /* islamenpanama2016iphone-Info.plist */,
				28EC8E9003334378A397AFCB /* CDVNotification.bundle */,
				0BCF3074419C4A21BA511D27 /* CDVCapture.bundle */,
			);
			name = Resources;
			path = "islamenpanama2016iphone/Resources";
			sourceTree = "<group>";
		};
		29B97323FDCFA39411CA2CEA /* Frameworks */ = {
			isa = PBXGroup;
			children = (
				B4939227C1924EEDAEA9EDD7 /* ImageIO.framework */,
				1B663CC03D6B468FBBB5CB18 /* CoreLocation.framework */,
				4B38E40B147F4A929211C9CE /* AVFoundation.framework */,
				3E1F2426A94940E7A79E9F40 /* AddressBook.framework */,
				3C94DF5668AC404E898AEA76 /* AddressBookUI.framework */,
				D689F9BCF06C470D8428B529 /* CoreMotion.framework */,
				3BA0F745C9A44CB08E050098 /* AudioToolbox.framework */,
				04146FBDCDB54C379C22EDAF /* SystemConfiguration.framework */,
				E2471C87B29744BFBD418AA9 /* CoreTelephony.framework */,
			);
			name = Frameworks;
			sourceTree = "<group>";
		};
		301BF52E109A57CC0062928A /* Products */ = {
			isa = PBXGroup;
			children = (
				301BF535109A57CC0062928A /* libCordova.a */,
			);
			name = Products;
			sourceTree = "<group>";
		};
		3047A50E1AB8057F00498E2A /* config */ = {
			isa = PBXGroup;
			children = (
				3047A50F1AB8059700498E2A /* build-debug.xcconfig */,
				3047A5101AB8059700498E2A /* build-release.xcconfig */,
				3047A5111AB8059700498E2A /* build.xcconfig */,
			);
			name = config;
			sourceTree = "<group>";
		};
		307C750510C5A3420062BCA9 /* Plugins */ = {
			isa = PBXGroup;
			children = (
				913393314C884FB4AAE05C05 /* CDVBattery.m */,
				DC2C7AC224324623875D12CA /* CDVBattery.h */,
				3BD41B5F83A24312B8DC7640 /* UIImage+CropScaleOrientation.m */,
				57D0FC97F3534BB5A0459B8F /* CDVCamera.m */,
				3A82EEBD30804D4087AE85BB /* CDVJpegHeaderWriter.m */,
				9CAA4461870B409389964900 /* UIImage+CropScaleOrientation.h */,
				C75E3404B78A4528B3008B4F /* CDVCamera.h */,
				7B6A97FF4EC244CB8B0685C8 /* CDVJpegHeaderWriter.h */,
				7940EFCBDF554E128428D374 /* CDVExif.h */,
				88A1E7C912D94BB1A21FB0DD /* CDVLogger.m */,
				9B01E511EE2546609CE9D66E /* CDVLogger.h */,
				7D7E92FAAE2849C7B345F5AA /* CDVContacts.m */,
				6D0FFA06E7B34739AF9694F2 /* CDVContact.m */,
				E810E344D2B74A6EA9163CAF /* CDVContacts.h */,
				E838BE70B55B4A84919DC718 /* CDVContact.h */,
				E2F47A3F5A0A4BF89E3E98BB /* CDVDevice.m */,
				F11D47BDF6C1413B89BAB5BC /* CDVDevice.h */,
				DF151B9A3E704217BC09BB33 /* CDVAccelerometer.m */,
				A33E2433A72A45F29C629FF1 /* CDVAccelerometer.h */,
				CBB703A0F6864CDD80BAE6E9 /* CDVCompass.m */,
				DEF8B32D15CF4F1C9FAAD76E /* CDVCompass.h */,
				440348B492D14C308DADF3ED /* CDVNotification.m */,
				4F3099CA932C45F58DC20BAC /* CDVNotification.h */,
				DDA18328077B4F1EA7A7E5DC /* CDVFile.m */,
				BB9DD873BAC64982B44A2FAD /* CDVLocalFilesystem.m */,
				35F1D72961214A4AA963F45A /* CDVAssetLibraryFilesystem.m */,
				8615FC0157F74285946AE7E4 /* CDVFile.h */,
				31CD7E3DA8D44AFD90773FB7 /* CDVLocalFilesystem.h */,
				2CD7A84DEFED474183DCF96E /* CDVAssetLibraryFilesystem.h */,
				4D0898776DDB4C75A4741104 /* CDVFileTransfer.m */,
				68178A26E04E4FEEB9F6D8FD /* CDVFileTransfer.h */,
				121B5FC8059D4D66BFBE5063 /* CDVLocation.m */,
				B5C14BE83109485092A1C5A5 /* CDVLocation.h */,
				799EE9E4082046F2BA0EC9C0 /* CDVGlobalization.m */,
				A6727183E1934284BED91F9A /* CDVGlobalization.h */,
				30DE93C5ACFA43EC9F9F81DF /* CDVInAppBrowser.m */,
				14507853DB14468284969D4C /* CDVInAppBrowser.h */,
				E24429C86C5D4B678A25DA9C /* CDVSound.m */,
				4F1256D01EA7433E8ECF0F28 /* CDVSound.h */,
				049EEC7B6F6841B49D488F13 /* CDVCapture.m */,
				D00DD2DD999C4496BA5A282A /* CDVCapture.h */,
				F4DEFD31E2F64D1094057405 /* CDVConnection.m */,
				E553A137367046589D2DFFC0 /* CDVReachability.m */,
				4A30FDFAEF39424F9D16B2E2 /* CDVConnection.h */,
				394AC3F183A3450DA473B935 /* CDVReachability.h */,
				D5F4D74C272F4B11B8488126 /* CDVSplashScreen.m */,
				6943B6C1E88942B8977EF930 /* CDVViewController+SplashScreen.m */,
				D77DF8427443458CA87EC8AE /* CDVSplashScreen.h */,
				12F801A4D88A44B79B96F0B5 /* CDVViewController+SplashScreen.h */,
				7BEF8309ED1848ECB642BDE1 /* CDVStatusBar.m */,
				FCBD6453B9FA4A8A86A8B15A /* CDVStatusBar.h */,
				CE900E91983043DCAA24924D /* CDVVibration.m */,
				C07DFEF326AE4739BB78A60B /* CDVVibration.h */,
			);
			name = Plugins;
			path = "islamenpanama2016iphone/Plugins";
			sourceTree = SOURCE_ROOT;
		};
		EB87FDF11871DA420020F90C /* Staging */ = {
			isa = PBXGroup;
			children = (
				F840E1F0165FE0F500CFE078 /* config.xml */,
				301BF56E109A69640062928A /* www */,
			);
			name = Staging;
			sourceTree = "<group>";
		};
/* End PBXGroup section */

/* Begin PBXNativeTarget section */
		1D6058900D05DD3D006BFB54 /* islamenpanama2016iphone */ = {
			isa = PBXNativeTarget;
			buildConfigurationList = 1D6058960D05DD3E006BFB54 /* Build configuration list for PBXNativeTarget "islamenpanama2016iphone" */;
			buildPhases = (
				304B58A110DAC018002A0835 /* Copy www directory */,
				1D60588D0D05DD3D006BFB54 /* Resources */,
				1D60588E0D05DD3D006BFB54 /* Sources */,
				1D60588F0D05DD3D006BFB54 /* Frameworks */,
			);
			buildRules = (
			);
			dependencies = (
				301BF551109A68C00062928A /* PBXTargetDependency */,
			);
			name = "islamenpanama2016iphone";
			productName = "islamenpanama2016iphone";
			productReference = 1D6058910D05DD3D006BFB54 /* islamenpanama2016iphone.app */;
			productType = "com.apple.product-type.application";
		};
/* End PBXNativeTarget section */

/* Begin PBXProject section */
		29B97313FDCFA39411CA2CEA /* Project object */ = {
			isa = PBXProject;
			attributes = {
				LastUpgradeCheck = 510;
			};
			buildConfigurationList = C01FCF4E08A954540054247B /* Build configuration list for PBXProject "__NON-CLI__" */;
			compatibilityVersion = "Xcode 3.2";
			developmentRegion = English;
			hasScannedForEncodings = 1;
			mainGroup = 29B97314FDCFA39411CA2CEA /* CustomTemplate */;
			projectDirPath = "";
			projectReferences = (
				{
					ProductGroup = 301BF52E109A57CC0062928A /* Products */;
					ProjectRef = 301BF52D109A57CC0062928A /* CordovaLib.xcodeproj */;
				},
			);
			projectRoot = "";
			targets = (
				1D6058900D05DD3D006BFB54 /* islamenpanama2016iphone */,
			);
		};
/* End PBXProject section */

/* Begin PBXReferenceProxy section */
		301BF535109A57CC0062928A /* libCordova.a */ = {
			isa = PBXReferenceProxy;
			fileType = archive.ar;
			path = libCordova.a;
			remoteRef = 301BF534109A57CC0062928A /* PBXContainerItemProxy */;
			sourceTree = BUILT_PRODUCTS_DIR;
		};
/* End PBXReferenceProxy section */

/* Begin PBXResourcesBuildPhase section */
		1D60588D0D05DD3D006BFB54 /* Resources */ = {
			isa = PBXResourcesBuildPhase;
			buildActionMask = 2147483647;
			files = (
				302D95F214D2391D003F00A1 /* MainViewController.xib in Resources */,
				3047A5131AB8059700498E2A /* build-release.xcconfig in Resources */,
				3047A5141AB8059700498E2A /* build.xcconfig in Resources */,
				0207DA581B56EA530066E2B4 /* Images.xcassets in Resources */,
				3047A5121AB8059700498E2A /* build-debug.xcconfig in Resources */,
				D7AC24E892124FEC97995384 /* CDVNotification.bundle in Resources */,
				931E300FB25D48FE907285BE /* CDVCapture.bundle in Resources */,
			);
			runOnlyForDeploymentPostprocessing = 0;
		};
/* End PBXResourcesBuildPhase section */

/* Begin PBXShellScriptBuildPhase section */
		304B58A110DAC018002A0835 /* Copy www directory */ = {
			isa = PBXShellScriptBuildPhase;
			buildActionMask = 2147483647;
			files = (
			);
			inputPaths = (
			);
			name = "Copy www directory";
			outputPaths = (
			);
			runOnlyForDeploymentPostprocessing = 0;
			shellPath = /bin/sh;
			shellScript = "NODEJS_PATH=/usr/local/bin; NVM_NODE_PATH=~/.nvm/versions/node/`nvm version 2>/dev/null`/bin; N_NODE_PATH=`find /usr/local/n/versions/node/* -maxdepth 0 -type d 2>/dev/null | tail -1`/bin; XCODE_NODE_PATH=`xcode-select --print-path`/usr/share/xcs/Node/bin; PATH=$NODEJS_PATH:$NVM_NODE_PATH:$N_NODE_PATH:$XCODE_NODE_PATH:$PATH && node cordova/lib/copy-www-build-step.js";
			showEnvVarsInLog = 0;
		};
/* End PBXShellScriptBuildPhase section */

/* Begin PBXSourcesBuildPhase section */
		1D60588E0D05DD3D006BFB54 /* Sources */ = {
			isa = PBXSourcesBuildPhase;
			buildActionMask = 2147483647;
			files = (
				1D60589B0D05DD56006BFB54 /* main.m in Sources */,
				1D3623260D0F684500981E51 /* AppDelegate.m in Sources */,
				302D95F114D2391D003F00A1 /* MainViewController.m in Sources */,
				491060CE8052435C979CD881 /* CDVBattery.m in Sources */,
				8E2D3757341E4B6DA75B8E95 /* UIImage+CropScaleOrientation.m in Sources */,
				CBBCA4CF56FA48BCA96B940E /* CDVCamera.m in Sources */,
				4D8B662B68F94596888EFE9A /* CDVJpegHeaderWriter.m in Sources */,
				9D66CC7E3E504DADBF4F719E /* CDVLogger.m in Sources */,
				02E0AC3DB5C8412B9B85A3CD /* CDVContacts.m in Sources */,
				BEDC31FEA5C34437A107D465 /* CDVContact.m in Sources */,
				1101F79A0E3B4045AC1C194C /* CDVDevice.m in Sources */,
				27ADD710B78F454F93DB2A22 /* CDVAccelerometer.m in Sources */,
				438444F7CF2746DBA0E2289E /* CDVCompass.m in Sources */,
				253C0257B65A4DD2A37E4E1C /* CDVNotification.m in Sources */,
				6C1634D75DAD4AD9B0A4ABB4 /* CDVFile.m in Sources */,
				768A825B342A4EAEBE362772 /* CDVLocalFilesystem.m in Sources */,
				E8240EBA50A74B6882A6D27B /* CDVAssetLibraryFilesystem.m in Sources */,
				014EFC7567E145ABBD883997 /* CDVFileTransfer.m in Sources */,
				957B980EFC354A1DB1FC255C /* CDVLocation.m in Sources */,
				3DA4DE1773F04374A68021E3 /* CDVGlobalization.m in Sources */,
				39432DD761D8486290ECFB12 /* CDVInAppBrowser.m in Sources */,
				E1784E2037B0407AA931F347 /* CDVSound.m in Sources */,
				89CA3E587A4B4BABB066DD5E /* CDVCapture.m in Sources */,
				8A81A1EED1BE412DB9A96D3A /* CDVConnection.m in Sources */,
				ADB56F60DB9F41CBB2CE1FCC /* CDVReachability.m in Sources */,
				F29ED8F3796C4F489363B481 /* CDVSplashScreen.m in Sources */,
				C2B204B27ED04380B653B56E /* CDVViewController+SplashScreen.m in Sources */,
				5C4E3E771D3C4A8092FA7F78 /* CDVStatusBar.m in Sources */,
				7900F37D7B6148B88112500C /* CDVVibration.m in Sources */,
			);
			runOnlyForDeploymentPostprocessing = 0;
		};
/* End PBXSourcesBuildPhase section */

/* Begin PBXTargetDependency section */
		301BF551109A68C00062928A /* PBXTargetDependency */ = {
			isa = PBXTargetDependency;
			name = CordovaLib;
			targetProxy = 301BF550109A68C00062928A /* PBXContainerItemProxy */;
		};
/* End PBXTargetDependency section */

/* Begin XCBuildConfiguration section */
		1D6058940D05DD3E006BFB54 /* Debug */ = {
			isa = XCBuildConfiguration;
			baseConfigurationReference = 3047A50F1AB8059700498E2A /* build-debug.xcconfig */;
			buildSettings = {
				ALWAYS_SEARCH_USER_PATHS = NO;
				ASSETCATALOG_COMPILER_APPICON_NAME = AppIcon;
				ASSETCATALOG_COMPILER_LAUNCHIMAGE_NAME = LaunchImage;
				CLANG_ENABLE_MODULES = YES;
				CLANG_ENABLE_OBJC_ARC = YES;
				COPY_PHASE_STRIP = NO;
				GCC_DYNAMIC_NO_PIC = NO;
				GCC_OPTIMIZATION_LEVEL = 0;
				GCC_PRECOMPILE_PREFIX_HEADER = YES;
				GCC_PREFIX_HEADER = "islamenpanama2016iphone/islamenpanama2016iphone-Prefix.pch";
				GCC_THUMB_SUPPORT = NO;
				GCC_VERSION = "";
				INFOPLIST_FILE = "islamenpanama2016iphone/islamenpanama2016iphone-Info.plist";
				LD_RUNPATH_SEARCH_PATHS = "@executable_path/Frameworks";
				PRODUCT_NAME = "islamenpanama2016iphone";
			};
			name = Debug;
		};
		1D6058950D05DD3E006BFB54 /* Release */ = {
			isa = XCBuildConfiguration;
			baseConfigurationReference = 3047A5101AB8059700498E2A /* build-release.xcconfig */;
			buildSettings = {
				ALWAYS_SEARCH_USER_PATHS = NO;
				ASSETCATALOG_COMPILER_APPICON_NAME = AppIcon;
				ASSETCATALOG_COMPILER_LAUNCHIMAGE_NAME = LaunchImage;
				CLANG_ENABLE_MODULES = YES;
				CLANG_ENABLE_OBJC_ARC = YES;
				COPY_PHASE_STRIP = YES;
				GCC_PRECOMPILE_PREFIX_HEADER = YES;
				GCC_PREFIX_HEADER = "islamenpanama2016iphone/islamenpanama2016iphone-Prefix.pch";
				GCC_THUMB_SUPPORT = NO;
				GCC_VERSION = "";
				INFOPLIST_FILE = "islamenpanama2016iphone/islamenpanama2016iphone-Info.plist";
				PRODUCT_NAME = "islamenpanama2016iphone";
			};
			name = Release;
		};
		C01FCF4F08A954540054247B /* Debug */ = {
			isa = XCBuildConfiguration;
			baseConfigurationReference = 3047A5111AB8059700498E2A /* build.xcconfig */;
			buildSettings = {
				CLANG_ENABLE_MODULES = YES;
				CLANG_ENABLE_OBJC_ARC = YES;
				CLANG_WARN_BOOL_CONVERSION = YES;
				CLANG_WARN_CONSTANT_CONVERSION = YES;
				CLANG_WARN_EMPTY_BODY = YES;
				CLANG_WARN_ENUM_CONVERSION = YES;
				CLANG_WARN_INT_CONVERSION = YES;
				CLANG_WARN__DUPLICATE_METHOD_MATCH = YES;
				GCC_C_LANGUAGE_STANDARD = c99;
				GCC_THUMB_SUPPORT = NO;
				GCC_VERSION = "";
				GCC_WARN_ABOUT_RETURN_TYPE = YES;
				GCC_WARN_UNDECLARED_SELECTOR = YES;
				GCC_WARN_UNINITIALIZED_AUTOS = YES;
				GCC_WARN_UNUSED_FUNCTION = YES;
				GCC_WARN_UNUSED_VARIABLE = YES;
				ONLY_ACTIVE_ARCH = YES;
				SDKROOT = iphoneos;
				SKIP_INSTALL = NO;
			};
			name = Debug;
		};
		C01FCF5008A954540054247B /* Release */ = {
			isa = XCBuildConfiguration;
			baseConfigurationReference = 3047A5111AB8059700498E2A /* build.xcconfig */;
			buildSettings = {
				CLANG_ENABLE_MODULES = YES;
				CLANG_ENABLE_OBJC_ARC = YES;
				CLANG_WARN_BOOL_CONVERSION = YES;
				CLANG_WARN_CONSTANT_CONVERSION = YES;
				CLANG_WARN_EMPTY_BODY = YES;
				CLANG_WARN_ENUM_CONVERSION = YES;
				CLANG_WARN_INT_CONVERSION = YES;
				CLANG_WARN__DUPLICATE_METHOD_MATCH = YES;
				GCC_C_LANGUAGE_STANDARD = c99;
				GCC_THUMB_SUPPORT = NO;
				GCC_VERSION = "";
				GCC_WARN_ABOUT_RETURN_TYPE = YES;
				GCC_WARN_UNDECLARED_SELECTOR = YES;
				GCC_WARN_UNINITIALIZED_AUTOS = YES;
				GCC_WARN_UNUSED_FUNCTION = YES;
				GCC_WARN_UNUSED_VARIABLE = YES;
				SDKROOT = iphoneos;
				SKIP_INSTALL = NO;
			};
			name = Release;
		};
/* End XCBuildConfiguration section */

/* Begin XCConfigurationList section */
		1D6058960D05DD3E006BFB54 /* Build configuration list for PBXNativeTarget "islamenpanama2016iphone" */ = {
			isa = XCConfigurationList;
			buildConfigurations = (
				1D6058940D05DD3E006BFB54 /* Debug */,
				1D6058950D05DD3E006BFB54 /* Release */,
			);
			defaultConfigurationIsVisible = 0;
			defaultConfigurationName = Release;
		};
		C01FCF4E08A954540054247B /* Build configuration list for PBXProject "__NON-CLI__" */ = {
			isa = XCConfigurationList;
			buildConfigurations = (
				C01FCF4F08A954540054247B /* Debug */,
				C01FCF5008A954540054247B /* Release */,
			);
			defaultConfigurationIsVisible = 0;
			defaultConfigurationName = Release;
		};
/* End XCConfigurationList section */
	};
	rootObject = 29B97313FDCFA39411CA2CEA /* Project object */;
}
